
Microsoft Visual Studio Solution File, Format Version 12.00
# Visual Studio Version 16
VisualStudioVersion = 16.0.28917.181
MinimumVisualStudioVersion = 10.0.40219.1
Project("{FAE04EC0-301F-11D3-BF4B-00C04F79EFBC}") = "ChavBuild", "ChavBuild\ChavBuild.csproj", "{94795791-0E98-4EB0-A417-7B62BC4B6B30}"
EndProject
Project("{FAE04EC0-301F-11D3-BF4B-00C04F79EFBC}") = "ChavLang", "ChavLang\ChavLang.csproj", "{2DB6EA27-E699-4E1B-9934-95882B99E975}"
EndProject
Project("{FAE04EC0-301F-11D3-BF4B-00C04F79EFBC}") = "ChavLangTests", "ChavLangTests\ChavLangTests.csproj", "{533E2595-8694-4BB7-BDFB-7DF312F6CCC3}"
EndProject
Global
	GlobalSection(SolutionConfigurationPlatforms) = preSolution
		Debug|Any CPU = Debug|Any CPU
		Release|Any CPU = Release|Any CPU
	EndGlobalSection
	GlobalSection(ProjectConfigurationPlatforms) = postSolution
		{94795791-0E98-4EB0-A417-7B62BC4B6B30}.Debug|Any CPU.ActiveCfg = Debug|Any CPU
		{94795791-0E98-4EB0-A417-7B62BC4B6B30}.Debug|Any CPU.Build.0 = Debug|Any CPU
		{94795791-0E98-4EB0-A417-7B62BC4B6B30}.Release|Any CPU.ActiveCfg = Release|Any CPU
		{94795791-0E98-4EB0-A417-7B62BC4B6B30}.Release|Any CPU.Build.0 = Release|Any CPU
		{2DB6EA27-E699-4E1B-9934-95882B99E975}.Debug|Any CPU.ActiveCfg = Debug|Any CPU
		{2DB6EA27-E699-4E1B-9934-95882B99E975}.Debug|Any CPU.Build.0 = Debug|Any CPU
		{2DB6EA27-E699-4E1B-9934-95882B99E975}.Release|Any CPU.ActiveCfg = Release|Any CPU
		{2DB6EA27-E699-4E1B-9934-95882B99E975}.Release|Any CPU.Build.0 = Release|Any CPU
		{533E2595-8694-4BB7-BDFB-7DF312F6CCC3}.Debug|Any CPU.ActiveCfg = Debug|Any CPU
		{533E2595-8694-4BB7-BDFB-7DF312F6CCC3}.Debug|Any CPU.Build.0 = Debug|Any CPU
		{533E2595-8694-4BB7-BDFB-7DF312F6CCC3}.Release|Any CPU.ActiveCfg = Release|Any CPU
		{533E2595-8694-4BB7-BDFB-7DF312F6CCC3}.Release|Any CPU.Build.0 = Release|Any CPU
	EndGlobalSection
	GlobalSection(SolutionProperties) = preSolution
		HideSolutionNode = FALSE
	EndGlobalSection
	GlobalSection(ExtensibilityGlobals) = postSolution
		SolutionGuid = {40458E9D-B44A-494B-AAA0-0E1425436819}
	EndGlobalSection
EndGlobal
